// !$*UTF8*$!
{
	archiveVersion = 1;
	classes = {
	};
	objectVersion = 46;
	objects = {

/* Begin PBXBuildFile section */
		680539AF1897B489009317D0 /* MeshRenderer.cpp in Sources */ = {isa = PBXBuildFile; fileRef = 680539AD1897B489009317D0 /* MeshRenderer.cpp */; };
		6807859D183F028B00092A29 /* BaseObject.cpp in Sources */ = {isa = PBXBuildFile; fileRef = 68078588183F028B00092A29 /* BaseObject.cpp */; };
		6807859E183F028B00092A29 /* Geometry.cpp in Sources */ = {isa = PBXBuildFile; fileRef = 6807858C183F028B00092A29 /* Geometry.cpp */; };
		6807859F183F028B00092A29 /* Logger.cpp in Sources */ = {isa = PBXBuildFile; fileRef = 68078590183F028B00092A29 /* Logger.cpp */; };
		680785A0183F028B00092A29 /* Material.cpp in Sources */ = {isa = PBXBuildFile; fileRef = 68078592183F028B00092A29 /* Material.cpp */; };
		680785A1183F028B00092A29 /* Mesh.cpp in Sources */ = {isa = PBXBuildFile; fileRef = 68078594183F028B00092A29 /* Mesh.cpp */; };
		680785A2183F028B00092A29 /* Renderer.cpp in Sources */ = {isa = PBXBuildFile; fileRef = 68078596183F028B00092A29 /* Renderer.cpp */; };
		680785A3183F028B00092A29 /* Shader.cpp in Sources */ = {isa = PBXBuildFile; fileRef = 68078598183F028B00092A29 /* Shader.cpp */; };
		680785A4183F028B00092A29 /* ShaderProgram.cpp in Sources */ = {isa = PBXBuildFile; fileRef = 6807859A183F028B00092A29 /* ShaderProgram.cpp */; };
		680785A9183F07D600092A29 /* ESLViewController.mm in Sources */ = {isa = PBXBuildFile; fileRef = 680785A8183F07D600092A29 /* ESLViewController.mm */; };
		6811D9A6185FE9D100154FC8 /* Texture.cpp in Sources */ = {isa = PBXBuildFile; fileRef = 6811D9A4185FE9D100154FC8 /* Texture.cpp */; };
		6826B40118BB1CE80023E75A /* Quaternion.cpp in Sources */ = {isa = PBXBuildFile; fileRef = 6826B3FE18BB1CE80023E75A /* Quaternion.cpp */; };
		68368CB318A47C3D002B6A48 /* IRenderer.cpp in Sources */ = {isa = PBXBuildFile; fileRef = 68368CAF18A47C3D002B6A48 /* IRenderer.cpp */; };
		68368CB418A47C3D002B6A48 /* Transform.cpp in Sources */ = {isa = PBXBuildFile; fileRef = 68368CB118A47C3D002B6A48 /* Transform.cpp */; };
		68368CB818A47C4A002B6A48 /* Vector3.cpp in Sources */ = {isa = PBXBuildFile; fileRef = 68368CB618A47C4A002B6A48 /* Vector3.cpp */; };
		684ADF091A0C749D00E78828 /* Camera.cpp in Sources */ = {isa = PBXBuildFile; fileRef = 684ADF071A0C749D00E78828 /* Camera.cpp */; };
		68575EE0178BFF6E00DAC11F /* UIKit.framework in Frameworks */ = {isa = PBXBuildFile; fileRef = 68575EDF178BFF6E00DAC11F /* UIKit.framework */; };
		68575EE2178BFF6E00DAC11F /* Foundation.framework in Frameworks */ = {isa = PBXBuildFile; fileRef = 68575EE1178BFF6E00DAC11F /* Foundation.framework */; };
		68575EE4178BFF6E00DAC11F /* CoreGraphics.framework in Frameworks */ = {isa = PBXBuildFile; fileRef = 68575EE3178BFF6E00DAC11F /* CoreGraphics.framework */; };
		68575EE6178BFF6E00DAC11F /* GLKit.framework in Frameworks */ = {isa = PBXBuildFile; fileRef = 68575EE5178BFF6E00DAC11F /* GLKit.framework */; };
		68575EE8178BFF6E00DAC11F /* OpenGLES.framework in Frameworks */ = {isa = PBXBuildFile; fileRef = 68575EE7178BFF6E00DAC11F /* OpenGLES.framework */; };
		68575EEE178BFF6E00DAC11F /* InfoPlist.strings in Resources */ = {isa = PBXBuildFile; fileRef = 68575EEC178BFF6E00DAC11F /* InfoPlist.strings */; };
		68575EF0178BFF6E00DAC11F /* main.mm in Sources */ = {isa = PBXBuildFile; fileRef = 68575EEF178BFF6E00DAC11F /* main.mm */; };
		68575EF4178BFF6E00DAC11F /* GWAppDelegate.m in Sources */ = {isa = PBXBuildFile; fileRef = 68575EF3178BFF6E00DAC11F /* GWAppDelegate.m */; };
		68575EF6178BFF6E00DAC11F /* Default.png in Resources */ = {isa = PBXBuildFile; fileRef = 68575EF5178BFF6E00DAC11F /* Default.png */; };
		68575EF8178BFF6E00DAC11F /* Default@2x.png in Resources */ = {isa = PBXBuildFile; fileRef = 68575EF7178BFF6E00DAC11F /* Default@2x.png */; };
		68575EFA178BFF6E00DAC11F /* Default-568h@2x.png in Resources */ = {isa = PBXBuildFile; fileRef = 68575EF9178BFF6E00DAC11F /* Default-568h@2x.png */; };
		685CFF6B1890E3ED0071D00C /* Component.cpp in Sources */ = {isa = PBXBuildFile; fileRef = 685CFF6A1890E3ED0071D00C /* Component.cpp */; };
		6861C2C31867D83B0064D0EF /* LessonMD2.cpp in Sources */ = {isa = PBXBuildFile; fileRef = 6861C2BF1867D83B0064D0EF /* LessonMD2.cpp */; };
		6861C2C41867D83B0064D0EF /* MD2MeshLoader.cpp in Sources */ = {isa = PBXBuildFile; fileRef = 6861C2C11867D83B0064D0EF /* MD2MeshLoader.cpp */; };
		68B71E7B1890C58700647994 /* GameObject.cpp in Sources */ = {isa = PBXBuildFile; fileRef = 68B71E781890C58700647994 /* GameObject.cpp */; };
		68BEFEF618AA2D36009BF248 /* Matrix4.cpp in Sources */ = {isa = PBXBuildFile; fileRef = 68BEFEF318AA2D36009BF248 /* Matrix4.cpp */; };
		68CF819C1A41733700313176 /* Scene.cpp in Sources */ = {isa = PBXBuildFile; fileRef = 68CF819A1A41733700313176 /* Scene.cpp */; };
		68CF819F1A4174AE00313176 /* AABBox.cpp in Sources */ = {isa = PBXBuildFile; fileRef = 68CF819D1A4174AE00313176 /* AABBox.cpp */; };
		68CF81A21A41A62A00313176 /* ViewFrustum.cpp in Sources */ = {isa = PBXBuildFile; fileRef = 68CF81A01A41A62A00313176 /* ViewFrustum.cpp */; };
		68E8D78F1842E4CE00AD1EBA /* Application.cpp in Sources */ = {isa = PBXBuildFile; fileRef = 68E8D78C1842E4CE00AD1EBA /* Application.cpp */; };
		68E8D7971842E50900AD1EBA /* esFile.cpp in Sources */ = {isa = PBXBuildFile; fileRef = 68E8D7901842E50900AD1EBA /* esFile.cpp */; };
		68E8D7981842E50900AD1EBA /* esMath.cpp in Sources */ = {isa = PBXBuildFile; fileRef = 68E8D7911842E50900AD1EBA /* esMath.cpp */; };
		68E8D7991842E50900AD1EBA /* esTexture.cpp in Sources */ = {isa = PBXBuildFile; fileRef = 68E8D7921842E50900AD1EBA /* esTexture.cpp */; };
		68E8D79A1842E50900AD1EBA /* esUtil.cpp in Sources */ = {isa = PBXBuildFile; fileRef = 68E8D7931842E50900AD1EBA /* esUtil.cpp */; };
		68E8D79B1842E50900AD1EBA /* Image.cpp in Sources */ = {isa = PBXBuildFile; fileRef = 68E8D7951842E50900AD1EBA /* Image.cpp */; };
		68E8D7AD1842F1D600AD1EBA /* LessonCube.cpp in Sources */ = {isa = PBXBuildFile; fileRef = 68E8D7A11842F1D600AD1EBA /* LessonCube.cpp */; };
		68E8D7AE1842F1D600AD1EBA /* LessonHelloTriangle.cpp in Sources */ = {isa = PBXBuildFile; fileRef = 68E8D7A41842F1D600AD1EBA /* LessonHelloTriangle.cpp */; };
		68E8D7AF1842F1D600AD1EBA /* LessonDelegate.cpp in Sources */ = {isa = PBXBuildFile; fileRef = 68E8D7A61842F1D600AD1EBA /* LessonDelegate.cpp */; };
		68E8D7B01842F1D600AD1EBA /* LessonFactory.cpp in Sources */ = {isa = PBXBuildFile; fileRef = 68E8D7A81842F1D600AD1EBA /* LessonFactory.cpp */; };
		68E8D7C31842F95300AD1EBA /* IOSDevice.mm in Sources */ = {isa = PBXBuildFile; fileRef = 68E8D7C21842F95300AD1EBA /* IOSDevice.mm */; };
		68E8D7C6184300D100AD1EBA /* media in Resources */ = {isa = PBXBuildFile; fileRef = 68E8D7C5184300D100AD1EBA /* media */; };
/* End PBXBuildFile section */

/* Begin PBXFileReference section */
		680539AD1897B489009317D0 /* MeshRenderer.cpp */ = {isa = PBXFileReference; fileEncoding = 4; lastKnownFileType = sourcecode.cpp.cpp; path = MeshRenderer.cpp; sourceTree = "<group>"; };
		680539AE1897B489009317D0 /* MeshRenderer.h */ = {isa = PBXFileReference; fileEncoding = 4; lastKnownFileType = sourcecode.c.h; path = MeshRenderer.h; sourceTree = "<group>"; };
		68078588183F028B00092A29 /* BaseObject.cpp */ = {isa = PBXFileReference; fileEncoding = 4; lastKnownFileType = sourcecode.cpp.cpp; path = BaseObject.cpp; sourceTree = "<group>"; };
		68078589183F028B00092A29 /* BaseObject.h */ = {isa = PBXFileReference; fileEncoding = 4; lastKnownFileType = sourcecode.c.h; path = BaseObject.h; sourceTree = "<group>"; };
		6807858A183F028B00092A29 /* common.h */ = {isa = PBXFileReference; fileEncoding = 4; lastKnownFileType = sourcecode.c.h; path = common.h; sourceTree = "<group>"; };
		6807858B183F028B00092A29 /* config.h */ = {isa = PBXFileReference; fileEncoding = 4; lastKnownFileType = sourcecode.c.h; path = config.h; sourceTree = "<group>"; };
		6807858C183F028B00092A29 /* Geometry.cpp */ = {isa = PBXFileReference; fileEncoding = 4; lastKnownFileType = sourcecode.cpp.cpp; path = Geometry.cpp; sourceTree = "<group>"; };
		6807858D183F028B00092A29 /* Geometry.h */ = {isa = PBXFileReference; fileEncoding = 4; lastKnownFileType = sourcecode.c.h; path = Geometry.h; sourceTree = "<group>"; };
		6807858E183F028B00092A29 /* glcommon.h */ = {isa = PBXFileReference; fileEncoding = 4; lastKnownFileType = sourcecode.c.h; path = glcommon.h; sourceTree = "<group>"; };
		6807858F183F028B00092A29 /* ISingleton.h */ = {isa = PBXFileReference; fileEncoding = 4; lastKnownFileType = sourcecode.c.h; path = ISingleton.h; sourceTree = "<group>"; };
		68078590183F028B00092A29 /* Logger.cpp */ = {isa = PBXFileReference; fileEncoding = 4; lastKnownFileType = sourcecode.cpp.cpp; path = Logger.cpp; sourceTree = "<group>"; };
		68078591183F028B00092A29 /* Logger.h */ = {isa = PBXFileReference; fileEncoding = 4; lastKnownFileType = sourcecode.c.h; path = Logger.h; sourceTree = "<group>"; };
		68078592183F028B00092A29 /* Material.cpp */ = {isa = PBXFileReference; fileEncoding = 4; lastKnownFileType = sourcecode.cpp.cpp; path = Material.cpp; sourceTree = "<group>"; };
		68078593183F028B00092A29 /* Material.h */ = {isa = PBXFileReference; fileEncoding = 4; lastKnownFileType = sourcecode.c.h; path = Material.h; sourceTree = "<group>"; };
		68078594183F028B00092A29 /* Mesh.cpp */ = {isa = PBXFileReference; fileEncoding = 4; lastKnownFileType = sourcecode.cpp.cpp; path = Mesh.cpp; sourceTree = "<group>"; };
		68078595183F028B00092A29 /* Mesh.h */ = {isa = PBXFileReference; fileEncoding = 4; lastKnownFileType = sourcecode.c.h; path = Mesh.h; sourceTree = "<group>"; };
		68078596183F028B00092A29 /* Renderer.cpp */ = {isa = PBXFileReference; fileEncoding = 4; lastKnownFileType = sourcecode.cpp.cpp; path = Renderer.cpp; sourceTree = "<group>"; };
		68078597183F028B00092A29 /* Renderer.h */ = {isa = PBXFileReference; fileEncoding = 4; lastKnownFileType = sourcecode.c.h; path = Renderer.h; sourceTree = "<group>"; };
		68078598183F028B00092A29 /* Shader.cpp */ = {isa = PBXFileReference; fileEncoding = 4; lastKnownFileType = sourcecode.cpp.cpp; path = Shader.cpp; sourceTree = "<group>"; };
		68078599183F028B00092A29 /* Shader.h */ = {isa = PBXFileReference; fileEncoding = 4; lastKnownFileType = sourcecode.c.h; path = Shader.h; sourceTree = "<group>"; };
		6807859A183F028B00092A29 /* ShaderProgram.cpp */ = {isa = PBXFileReference; fileEncoding = 4; lastKnownFileType = sourcecode.cpp.cpp; path = ShaderProgram.cpp; sourceTree = "<group>"; };
		6807859B183F028B00092A29 /* ShaderProgram.h */ = {isa = PBXFileReference; fileEncoding = 4; lastKnownFileType = sourcecode.c.h; path = ShaderProgram.h; sourceTree = "<group>"; };
		6807859C183F028B00092A29 /* sharedPtr.h */ = {isa = PBXFileReference; fileEncoding = 4; lastKnownFileType = sourcecode.c.h; path = sharedPtr.h; sourceTree = "<group>"; };
		680785A7183F07D600092A29 /* ESLViewController.h */ = {isa = PBXFileReference; fileEncoding = 4; lastKnownFileType = sourcecode.c.h; path = ESLViewController.h; sourceTree = "<group>"; };
		680785A8183F07D600092A29 /* ESLViewController.mm */ = {isa = PBXFileReference; fileEncoding = 4; lastKnownFileType = sourcecode.cpp.objcpp; path = ESLViewController.mm; sourceTree = "<group>"; };
		6811D9A4185FE9D100154FC8 /* Texture.cpp */ = {isa = PBXFileReference; fileEncoding = 4; lastKnownFileType = sourcecode.cpp.cpp; path = Texture.cpp; sourceTree = "<group>"; };
		6811D9A5185FE9D100154FC8 /* Texture.h */ = {isa = PBXFileReference; fileEncoding = 4; lastKnownFileType = sourcecode.c.h; path = Texture.h; sourceTree = "<group>"; };
		6826B3FE18BB1CE80023E75A /* Quaternion.cpp */ = {isa = PBXFileReference; fileEncoding = 4; lastKnownFileType = sourcecode.cpp.cpp; path = Quaternion.cpp; sourceTree = "<group>"; };
		6826B3FF18BB1CE80023E75A /* Quaternion.h */ = {isa = PBXFileReference; fileEncoding = 4; lastKnownFileType = sourcecode.c.h; path = Quaternion.h; sourceTree = "<group>"; };
		6826B40018BB1CE80023E75A /* QuaternionImpl.h */ = {isa = PBXFileReference; fileEncoding = 4; lastKnownFileType = sourcecode.c.h; path = QuaternionImpl.h; sourceTree = "<group>"; };
		68368CAF18A47C3D002B6A48 /* IRenderer.cpp */ = {isa = PBXFileReference; fileEncoding = 4; lastKnownFileType = sourcecode.cpp.cpp; path = IRenderer.cpp; sourceTree = "<group>"; };
		68368CB018A47C3D002B6A48 /* IRenderer.h */ = {isa = PBXFileReference; fileEncoding = 4; lastKnownFileType = sourcecode.c.h; path = IRenderer.h; sourceTree = "<group>"; };
		68368CB118A47C3D002B6A48 /* Transform.cpp */ = {isa = PBXFileReference; fileEncoding = 4; lastKnownFileType = sourcecode.cpp.cpp; path = Transform.cpp; sourceTree = "<group>"; };
		68368CB218A47C3D002B6A48 /* Transform.h */ = {isa = PBXFileReference; fileEncoding = 4; lastKnownFileType = sourcecode.c.h; path = Transform.h; sourceTree = "<group>"; };
		68368CB618A47C4A002B6A48 /* Vector3.cpp */ = {isa = PBXFileReference; fileEncoding = 4; lastKnownFileType = sourcecode.cpp.cpp; path = Vector3.cpp; sourceTree = "<group>"; };
		68368CB718A47C4A002B6A48 /* Vector3.h */ = {isa = PBXFileReference; fileEncoding = 4; lastKnownFileType = sourcecode.c.h; path = Vector3.h; sourceTree = "<group>"; };
		684ADF071A0C749D00E78828 /* Camera.cpp */ = {isa = PBXFileReference; fileEncoding = 4; lastKnownFileType = sourcecode.cpp.cpp; path = Camera.cpp; sourceTree = "<group>"; };
		684ADF081A0C749D00E78828 /* Camera.h */ = {isa = PBXFileReference; fileEncoding = 4; lastKnownFileType = sourcecode.c.h; path = Camera.h; sourceTree = "<group>"; };
		68575EDC178BFF6E00DAC11F /* glesworld.app */ = {isa = PBXFileReference; explicitFileType = wrapper.application; includeInIndex = 0; path = glesworld.app; sourceTree = BUILT_PRODUCTS_DIR; };
		68575EDF178BFF6E00DAC11F /* UIKit.framework */ = {isa = PBXFileReference; lastKnownFileType = wrapper.framework; name = UIKit.framework; path = System/Library/Frameworks/UIKit.framework; sourceTree = SDKROOT; };
		68575EE1178BFF6E00DAC11F /* Foundation.framework */ = {isa = PBXFileReference; lastKnownFileType = wrapper.framework; name = Foundation.framework; path = System/Library/Frameworks/Foundation.framework; sourceTree = SDKROOT; };
		68575EE3178BFF6E00DAC11F /* CoreGraphics.framework */ = {isa = PBXFileReference; lastKnownFileType = wrapper.framework; name = CoreGraphics.framework; path = System/Library/Frameworks/CoreGraphics.framework; sourceTree = SDKROOT; };
		68575EE5178BFF6E00DAC11F /* GLKit.framework */ = {isa = PBXFileReference; lastKnownFileType = wrapper.framework; name = GLKit.framework; path = System/Library/Frameworks/GLKit.framework; sourceTree = SDKROOT; };
		68575EE7178BFF6E00DAC11F /* OpenGLES.framework */ = {isa = PBXFileReference; lastKnownFileType = wrapper.framework; name = OpenGLES.framework; path = System/Library/Frameworks/OpenGLES.framework; sourceTree = SDKROOT; };
		68575EEB178BFF6E00DAC11F /* glesworld-Info.plist */ = {isa = PBXFileReference; lastKnownFileType = text.plist.xml; path = "glesworld-Info.plist"; sourceTree = "<group>"; };
		68575EED178BFF6E00DAC11F /* en */ = {isa = PBXFileReference; lastKnownFileType = text.plist.strings; name = en; path = en.lproj/InfoPlist.strings; sourceTree = "<group>"; };
		68575EEF178BFF6E00DAC11F /* main.mm */ = {isa = PBXFileReference; lastKnownFileType = sourcecode.cpp.objcpp; path = main.mm; sourceTree = "<group>"; };
		68575EF1178BFF6E00DAC11F /* glesworld-Prefix.pch */ = {isa = PBXFileReference; lastKnownFileType = sourcecode.c.h; path = "glesworld-Prefix.pch"; sourceTree = "<group>"; };
		68575EF2178BFF6E00DAC11F /* GWAppDelegate.h */ = {isa = PBXFileReference; lastKnownFileType = sourcecode.c.h; path = GWAppDelegate.h; sourceTree = "<group>"; };
		68575EF3178BFF6E00DAC11F /* GWAppDelegate.m */ = {isa = PBXFileReference; lastKnownFileType = sourcecode.c.objc; path = GWAppDelegate.m; sourceTree = "<group>"; };
		68575EF5178BFF6E00DAC11F /* Default.png */ = {isa = PBXFileReference; lastKnownFileType = image.png; path = Default.png; sourceTree = "<group>"; };
		68575EF7178BFF6E00DAC11F /* Default@2x.png */ = {isa = PBXFileReference; lastKnownFileType = image.png; path = "Default@2x.png"; sourceTree = "<group>"; };
		68575EF9178BFF6E00DAC11F /* Default-568h@2x.png */ = {isa = PBXFileReference; lastKnownFileType = image.png; path = "Default-568h@2x.png"; sourceTree = "<group>"; };
		685A975F1A3AE9B4009B2A46 /* Plane3D.h */ = {isa = PBXFileReference; fileEncoding = 4; lastKnownFileType = sourcecode.c.h; path = Plane3D.h; sourceTree = "<group>"; };
		685CFF6A1890E3ED0071D00C /* Component.cpp */ = {isa = PBXFileReference; fileEncoding = 4; lastKnownFileType = sourcecode.cpp.cpp; path = Component.cpp; sourceTree = "<group>"; };
		6861C2BF1867D83B0064D0EF /* LessonMD2.cpp */ = {isa = PBXFileReference; fileEncoding = 4; lastKnownFileType = sourcecode.cpp.cpp; path = LessonMD2.cpp; sourceTree = "<group>"; };
		6861C2C01867D83B0064D0EF /* LessonMD2.h */ = {isa = PBXFileReference; fileEncoding = 4; lastKnownFileType = sourcecode.c.h; path = LessonMD2.h; sourceTree = "<group>"; };
		6861C2C11867D83B0064D0EF /* MD2MeshLoader.cpp */ = {isa = PBXFileReference; fileEncoding = 4; lastKnownFileType = sourcecode.cpp.cpp; path = MD2MeshLoader.cpp; sourceTree = "<group>"; };
		6861C2C21867D83B0064D0EF /* MD2MeshLoader.h */ = {isa = PBXFileReference; fileEncoding = 4; lastKnownFileType = sourcecode.c.h; path = MD2MeshLoader.h; sourceTree = "<group>"; };
		68B71E781890C58700647994 /* GameObject.cpp */ = {isa = PBXFileReference; fileEncoding = 4; lastKnownFileType = sourcecode.cpp.cpp; path = GameObject.cpp; sourceTree = "<group>"; };
		68B71E791890C58700647994 /* GameObject.h */ = {isa = PBXFileReference; fileEncoding = 4; lastKnownFileType = sourcecode.c.h; path = GameObject.h; sourceTree = "<group>"; };
		68B71E7A1890C58700647994 /* Component.h */ = {isa = PBXFileReference; fileEncoding = 4; lastKnownFileType = sourcecode.c.h; path = Component.h; sourceTree = "<group>"; };
		68BEFEF218AA2D36009BF248 /* MathUtil.h */ = {isa = PBXFileReference; fileEncoding = 4; lastKnownFileType = sourcecode.c.h; path = MathUtil.h; sourceTree = "<group>"; };
		68BEFEF318AA2D36009BF248 /* Matrix4.cpp */ = {isa = PBXFileReference; fileEncoding = 4; lastKnownFileType = sourcecode.cpp.cpp; path = Matrix4.cpp; sourceTree = "<group>"; };
		68BEFEF418AA2D36009BF248 /* Matrix4.h */ = {isa = PBXFileReference; fileEncoding = 4; lastKnownFileType = sourcecode.c.h; path = Matrix4.h; sourceTree = "<group>"; };
		68BEFEF518AA2D36009BF248 /* Matrix4Impl.h */ = {isa = PBXFileReference; fileEncoding = 4; lastKnownFileType = sourcecode.c.h; path = Matrix4Impl.h; sourceTree = "<group>"; };
		68CF819A1A41733700313176 /* Scene.cpp */ = {isa = PBXFileReference; fileEncoding = 4; lastKnownFileType = sourcecode.cpp.cpp; path = Scene.cpp; sourceTree = "<group>"; };
		68CF819B1A41733700313176 /* Scene.h */ = {isa = PBXFileReference; fileEncoding = 4; lastKnownFileType = sourcecode.c.h; path = Scene.h; sourceTree = "<group>"; };
		68CF819D1A4174AE00313176 /* AABBox.cpp */ = {isa = PBXFileReference; fileEncoding = 4; lastKnownFileType = sourcecode.cpp.cpp; path = AABBox.cpp; sourceTree = "<group>"; };
		68CF819E1A4174AE00313176 /* AABBox.h */ = {isa = PBXFileReference; fileEncoding = 4; lastKnownFileType = sourcecode.c.h; path = AABBox.h; sourceTree = "<group>"; };
		68CF81A01A41A62A00313176 /* ViewFrustum.cpp */ = {isa = PBXFileReference; fileEncoding = 4; lastKnownFileType = sourcecode.cpp.cpp; path = ViewFrustum.cpp; sourceTree = "<group>"; };
		68CF81A11A41A62A00313176 /* ViewFrustum.h */ = {isa = PBXFileReference; fileEncoding = 4; lastKnownFileType = sourcecode.c.h; path = ViewFrustum.h; sourceTree = "<group>"; };
		68E8D78C1842E4CE00AD1EBA /* Application.cpp */ = {isa = PBXFileReference; fileEncoding = 4; lastKnownFileType = sourcecode.cpp.cpp; path = Application.cpp; sourceTree = "<group>"; };
		68E8D78D1842E4CE00AD1EBA /* Application.h */ = {isa = PBXFileReference; fileEncoding = 4; lastKnownFileType = sourcecode.c.h; path = Application.h; sourceTree = "<group>"; };
		68E8D78E1842E4CE00AD1EBA /* IAppDelegate.h */ = {isa = PBXFileReference; fileEncoding = 4; lastKnownFileType = sourcecode.c.h; path = IAppDelegate.h; sourceTree = "<group>"; };
		68E8D7901842E50900AD1EBA /* esFile.cpp */ = {isa = PBXFileReference; fileEncoding = 4; lastKnownFileType = sourcecode.cpp.cpp; name = esFile.cpp; path = esUtil/esFile.cpp; sourceTree = "<group>"; };
		68E8D7911842E50900AD1EBA /* esMath.cpp */ = {isa = PBXFileReference; fileEncoding = 4; lastKnownFileType = sourcecode.cpp.cpp; name = esMath.cpp; path = esUtil/esMath.cpp; sourceTree = "<group>"; };
		68E8D7921842E50900AD1EBA /* esTexture.cpp */ = {isa = PBXFileReference; fileEncoding = 4; lastKnownFileType = sourcecode.cpp.cpp; name = esTexture.cpp; path = esUtil/esTexture.cpp; sourceTree = "<group>"; };
		68E8D7931842E50900AD1EBA /* esUtil.cpp */ = {isa = PBXFileReference; fileEncoding = 4; lastKnownFileType = sourcecode.cpp.cpp; name = esUtil.cpp; path = esUtil/esUtil.cpp; sourceTree = "<group>"; };
		68E8D7941842E50900AD1EBA /* esUtil.h */ = {isa = PBXFileReference; fileEncoding = 4; lastKnownFileType = sourcecode.c.h; name = esUtil.h; path = esUtil/esUtil.h; sourceTree = "<group>"; };
		68E8D7951842E50900AD1EBA /* Image.cpp */ = {isa = PBXFileReference; fileEncoding = 4; lastKnownFileType = sourcecode.cpp.cpp; name = Image.cpp; path = esUtil/Image.cpp; sourceTree = "<group>"; };
		68E8D7961842E50900AD1EBA /* Image.h */ = {isa = PBXFileReference; fileEncoding = 4; lastKnownFileType = sourcecode.c.h; name = Image.h; path = esUtil/Image.h; sourceTree = "<group>"; };
		68E8D79E1842F1D600AD1EBA /* LessonBase.h */ = {isa = PBXFileReference; fileEncoding = 4; lastKnownFileType = sourcecode.c.h; path = LessonBase.h; sourceTree = "<group>"; };
		68E8D7A11842F1D600AD1EBA /* LessonCube.cpp */ = {isa = PBXFileReference; fileEncoding = 4; lastKnownFileType = sourcecode.cpp.cpp; path = LessonCube.cpp; sourceTree = "<group>"; };
		68E8D7A21842F1D600AD1EBA /* LessonCube.h */ = {isa = PBXFileReference; fileEncoding = 4; lastKnownFileType = sourcecode.c.h; path = LessonCube.h; sourceTree = "<group>"; };
		68E8D7A41842F1D600AD1EBA /* LessonHelloTriangle.cpp */ = {isa = PBXFileReference; fileEncoding = 4; lastKnownFileType = sourcecode.cpp.cpp; path = LessonHelloTriangle.cpp; sourceTree = "<group>"; };
		68E8D7A51842F1D600AD1EBA /* LessonHelloTriangle.h */ = {isa = PBXFileReference; fileEncoding = 4; lastKnownFileType = sourcecode.c.h; path = LessonHelloTriangle.h; sourceTree = "<group>"; };
		68E8D7A61842F1D600AD1EBA /* LessonDelegate.cpp */ = {isa = PBXFileReference; fileEncoding = 4; lastKnownFileType = sourcecode.cpp.cpp; path = LessonDelegate.cpp; sourceTree = "<group>"; };
		68E8D7A71842F1D600AD1EBA /* LessonDelegate.h */ = {isa = PBXFileReference; fileEncoding = 4; lastKnownFileType = sourcecode.c.h; path = LessonDelegate.h; sourceTree = "<group>"; };
		68E8D7A81842F1D600AD1EBA /* LessonFactory.cpp */ = {isa = PBXFileReference; fileEncoding = 4; lastKnownFileType = sourcecode.cpp.cpp; path = LessonFactory.cpp; sourceTree = "<group>"; };
		68E8D7A91842F1D600AD1EBA /* LessonFactory.h */ = {isa = PBXFileReference; fileEncoding = 4; lastKnownFileType = sourcecode.c.h; path = LessonFactory.h; sourceTree = "<group>"; };
		68E8D7C01842F88100AD1EBA /* Device.h */ = {isa = PBXFileReference; fileEncoding = 4; lastKnownFileType = sourcecode.c.h; path = Device.h; sourceTree = "<group>"; };
		68E8D7C21842F95300AD1EBA /* IOSDevice.mm */ = {isa = PBXFileReference; fileEncoding = 4; lastKnownFileType = sourcecode.cpp.objcpp; path = IOSDevice.mm; sourceTree = "<group>"; };
		68E8D7C5184300D100AD1EBA /* media */ = {isa = PBXFileReference; lastKnownFileType = folder; name = media; path = ../bin/media; sourceTree = "<group>"; };
/* End PBXFileReference section */

/* Begin PBXFrameworksBuildPhase section */
		68575ED9178BFF6E00DAC11F /* Frameworks */ = {
			isa = PBXFrameworksBuildPhase;
			buildActionMask = 2147483647;
			files = (
				68575EE0178BFF6E00DAC11F /* UIKit.framework in Frameworks */,
				68575EE2178BFF6E00DAC11F /* Foundation.framework in Frameworks */,
				68575EE4178BFF6E00DAC11F /* CoreGraphics.framework in Frameworks */,
				68575EE6178BFF6E00DAC11F /* GLKit.framework in Frameworks */,
				68575EE8178BFF6E00DAC11F /* OpenGLES.framework in Frameworks */,
			);
			runOnlyForDeploymentPostprocessing = 0;
		};
/* End PBXFrameworksBuildPhase section */

/* Begin PBXGroup section */
		680539AC1897B489009317D0 /* components */ = {
			isa = PBXGroup;
			children = (
				684ADF071A0C749D00E78828 /* Camera.cpp */,
				684ADF081A0C749D00E78828 /* Camera.h */,
				68368CAF18A47C3D002B6A48 /* IRenderer.cpp */,
				68368CB018A47C3D002B6A48 /* IRenderer.h */,
				68368CB118A47C3D002B6A48 /* Transform.cpp */,
				68368CB218A47C3D002B6A48 /* Transform.h */,
				680539AD1897B489009317D0 /* MeshRenderer.cpp */,
				680539AE1897B489009317D0 /* MeshRenderer.h */,
			);
			path = components;
			sourceTree = "<group>";
		};
		68078587183F028B00092A29 /* eslib */ = {
			isa = PBXGroup;
			children = (
				68CF81991A41733700313176 /* scene */,
				68368CB518A47C4A002B6A48 /* math */,
				680539AC1897B489009317D0 /* components */,
				68B71E771890C58700647994 /* base */,
				6811D9A4185FE9D100154FC8 /* Texture.cpp */,
				6811D9A5185FE9D100154FC8 /* Texture.h */,
				68E8D7C01842F88100AD1EBA /* Device.h */,
				68E8D78C1842E4CE00AD1EBA /* Application.cpp */,
				68E8D78D1842E4CE00AD1EBA /* Application.h */,
				68E8D78E1842E4CE00AD1EBA /* IAppDelegate.h */,
				680785A6183F07D600092A29 /* ios */,
				68078588183F028B00092A29 /* BaseObject.cpp */,
				68078589183F028B00092A29 /* BaseObject.h */,
				6807858A183F028B00092A29 /* common.h */,
				6807858B183F028B00092A29 /* config.h */,
				6807858C183F028B00092A29 /* Geometry.cpp */,
				6807858D183F028B00092A29 /* Geometry.h */,
				6807858E183F028B00092A29 /* glcommon.h */,
				6807858F183F028B00092A29 /* ISingleton.h */,
				68078590183F028B00092A29 /* Logger.cpp */,
				68078591183F028B00092A29 /* Logger.h */,
				68078592183F028B00092A29 /* Material.cpp */,
				68078593183F028B00092A29 /* Material.h */,
				68078594183F028B00092A29 /* Mesh.cpp */,
				68078595183F028B00092A29 /* Mesh.h */,
				68078596183F028B00092A29 /* Renderer.cpp */,
				68078597183F028B00092A29 /* Renderer.h */,
				68078598183F028B00092A29 /* Shader.cpp */,
				68078599183F028B00092A29 /* Shader.h */,
				6807859A183F028B00092A29 /* ShaderProgram.cpp */,
				6807859B183F028B00092A29 /* ShaderProgram.h */,
				6807859C183F028B00092A29 /* sharedPtr.h */,
			);
			path = eslib;
			sourceTree = "<group>";
		};
		680785A6183F07D600092A29 /* ios */ = {
			isa = PBXGroup;
			children = (
				68E8D7C21842F95300AD1EBA /* IOSDevice.mm */,
				680785A7183F07D600092A29 /* ESLViewController.h */,
				680785A8183F07D600092A29 /* ESLViewController.mm */,
			);
			path = ios;
			sourceTree = "<group>";
		};
		68368CB518A47C4A002B6A48 /* math */ = {
			isa = PBXGroup;
			children = (
				685A975F1A3AE9B4009B2A46 /* Plane3D.h */,
				6826B3FE18BB1CE80023E75A /* Quaternion.cpp */,
				6826B3FF18BB1CE80023E75A /* Quaternion.h */,
				6826B40018BB1CE80023E75A /* QuaternionImpl.h */,
				68BEFEF218AA2D36009BF248 /* MathUtil.h */,
				68BEFEF318AA2D36009BF248 /* Matrix4.cpp */,
				68BEFEF418AA2D36009BF248 /* Matrix4.h */,
				68BEFEF518AA2D36009BF248 /* Matrix4Impl.h */,
				68368CB618A47C4A002B6A48 /* Vector3.cpp */,
				68368CB718A47C4A002B6A48 /* Vector3.h */,
			);
			path = math;
			sourceTree = "<group>";
		};
		6837338417C3840E00FA9287 /* src */ = {
			isa = PBXGroup;
			children = (
				68E8D79E1842F1D600AD1EBA /* LessonBase.h */,
				68E8D79F1842F1D600AD1EBA /* lessons */,
				68E8D79C1842E51E00AD1EBA /* esUtil */,
				68078587183F028B00092A29 /* eslib */,
			);
			name = src;
			path = ../src;
			sourceTree = "<group>";
		};
		68575ED3178BFF6D00DAC11F = {
			isa = PBXGroup;
			children = (
				68E8D7C5184300D100AD1EBA /* media */,
				6837338417C3840E00FA9287 /* src */,
				68575EE9178BFF6E00DAC11F /* glesworld */,
				68575EDE178BFF6E00DAC11F /* Frameworks */,
				68575EDD178BFF6E00DAC11F /* Products */,
			);
			sourceTree = "<group>";
		};
		68575EDD178BFF6E00DAC11F /* Products */ = {
			isa = PBXGroup;
			children = (
				68575EDC178BFF6E00DAC11F /* glesworld.app */,
			);
			name = Products;
			sourceTree = "<group>";
		};
		68575EDE178BFF6E00DAC11F /* Frameworks */ = {
			isa = PBXGroup;
			children = (
				68575EDF178BFF6E00DAC11F /* UIKit.framework */,
				68575EE1178BFF6E00DAC11F /* Foundation.framework */,
				68575EE3178BFF6E00DAC11F /* CoreGraphics.framework */,
				68575EE5178BFF6E00DAC11F /* GLKit.framework */,
				68575EE7178BFF6E00DAC11F /* OpenGLES.framework */,
			);
			name = Frameworks;
			sourceTree = "<group>";
		};
		68575EE9178BFF6E00DAC11F /* glesworld */ = {
			isa = PBXGroup;
			children = (
				68575EF2178BFF6E00DAC11F /* GWAppDelegate.h */,
				68575EF3178BFF6E00DAC11F /* GWAppDelegate.m */,
				68575EEA178BFF6E00DAC11F /* Supporting Files */,
			);
			path = glesworld;
			sourceTree = "<group>";
		};
		68575EEA178BFF6E00DAC11F /* Supporting Files */ = {
			isa = PBXGroup;
			children = (
				68575EEB178BFF6E00DAC11F /* glesworld-Info.plist */,
				68575EEC178BFF6E00DAC11F /* InfoPlist.strings */,
				68575EEF178BFF6E00DAC11F /* main.mm */,
				68575EF1178BFF6E00DAC11F /* glesworld-Prefix.pch */,
				68575EF5178BFF6E00DAC11F /* Default.png */,
				68575EF7178BFF6E00DAC11F /* Default@2x.png */,
				68575EF9178BFF6E00DAC11F /* Default-568h@2x.png */,
			);
			name = "Supporting Files";
			sourceTree = "<group>";
		};
		6861C2BE1867D83B0064D0EF /* MD2 */ = {
			isa = PBXGroup;
			children = (
				6861C2BF1867D83B0064D0EF /* LessonMD2.cpp */,
				6861C2C01867D83B0064D0EF /* LessonMD2.h */,
				6861C2C11867D83B0064D0EF /* MD2MeshLoader.cpp */,
				6861C2C21867D83B0064D0EF /* MD2MeshLoader.h */,
			);
			path = MD2;
			sourceTree = "<group>";
		};
		68B71E771890C58700647994 /* base */ = {
			isa = PBXGroup;
			children = (
				685CFF6A1890E3ED0071D00C /* Component.cpp */,
				68B71E781890C58700647994 /* GameObject.cpp */,
				68B71E791890C58700647994 /* GameObject.h */,
				68B71E7A1890C58700647994 /* Component.h */,
			);
			path = base;
			sourceTree = "<group>";
		};
		68CF81991A41733700313176 /* scene */ = {
			isa = PBXGroup;
			children = (
				68CF81A01A41A62A00313176 /* ViewFrustum.cpp */,
				68CF81A11A41A62A00313176 /* ViewFrustum.h */,
				68CF819D1A4174AE00313176 /* AABBox.cpp */,
				68CF819E1A4174AE00313176 /* AABBox.h */,
				68CF819A1A41733700313176 /* Scene.cpp */,
				68CF819B1A41733700313176 /* Scene.h */,
			);
			path = scene;
			sourceTree = "<group>";
		};
		68E8D79C1842E51E00AD1EBA /* esUtil */ = {
			isa = PBXGroup;
			children = (
				68E8D7901842E50900AD1EBA /* esFile.cpp */,
				68E8D7911842E50900AD1EBA /* esMath.cpp */,
				68E8D7921842E50900AD1EBA /* esTexture.cpp */,
				68E8D7931842E50900AD1EBA /* esUtil.cpp */,
				68E8D7941842E50900AD1EBA /* esUtil.h */,
				68E8D7951842E50900AD1EBA /* Image.cpp */,
				68E8D7961842E50900AD1EBA /* Image.h */,
			);
			name = esUtil;
			sourceTree = "<group>";
		};
		68E8D79F1842F1D600AD1EBA /* lessons */ = {
			isa = PBXGroup;
			children = (
				6861C2BE1867D83B0064D0EF /* MD2 */,
				68E8D7A01842F1D600AD1EBA /* Cube */,
				68E8D7A31842F1D600AD1EBA /* HelloTriangle */,
				68E8D7A61842F1D600AD1EBA /* LessonDelegate.cpp */,
				68E8D7A71842F1D600AD1EBA /* LessonDelegate.h */,
				68E8D7A81842F1D600AD1EBA /* LessonFactory.cpp */,
				68E8D7A91842F1D600AD1EBA /* LessonFactory.h */,
			);
			path = lessons;
			sourceTree = "<group>";
		};
		68E8D7A01842F1D600AD1EBA /* Cube */ = {
			isa = PBXGroup;
			children = (
				68E8D7A11842F1D600AD1EBA /* LessonCube.cpp */,
				68E8D7A21842F1D600AD1EBA /* LessonCube.h */,
			);
			path = Cube;
			sourceTree = "<group>";
		};
		68E8D7A31842F1D600AD1EBA /* HelloTriangle */ = {
			isa = PBXGroup;
			children = (
				68E8D7A41842F1D600AD1EBA /* LessonHelloTriangle.cpp */,
				68E8D7A51842F1D600AD1EBA /* LessonHelloTriangle.h */,
			);
			path = HelloTriangle;
			sourceTree = "<group>";
		};
/* End PBXGroup section */

/* Begin PBXNativeTarget section */
		68575EDB178BFF6E00DAC11F /* glesworld */ = {
			isa = PBXNativeTarget;
			buildConfigurationList = 68575F0A178BFF6E00DAC11F /* Build configuration list for PBXNativeTarget "glesworld" */;
			buildPhases = (
				68575ED8178BFF6E00DAC11F /* Sources */,
				68575ED9178BFF6E00DAC11F /* Frameworks */,
				68575EDA178BFF6E00DAC11F /* Resources */,
			);
			buildRules = (
			);
			dependencies = (
			);
			name = glesworld;
			productName = glesworld;
			productReference = 68575EDC178BFF6E00DAC11F /* glesworld.app */;
			productType = "com.apple.product-type.application";
		};
/* End PBXNativeTarget section */

/* Begin PBXProject section */
		68575ED4178BFF6D00DAC11F /* Project object */ = {
			isa = PBXProject;
			attributes = {
				CLASSPREFIX = GW;
				LastUpgradeCheck = 0460;
				ORGANIZATIONNAME = wuhao;
			};
			buildConfigurationList = 68575ED7178BFF6D00DAC11F /* Build configuration list for PBXProject "glesworld" */;
			compatibilityVersion = "Xcode 3.2";
			developmentRegion = English;
			hasScannedForEncodings = 0;
			knownRegions = (
				en,
			);
			mainGroup = 68575ED3178BFF6D00DAC11F;
			productRefGroup = 68575EDD178BFF6E00DAC11F /* Products */;
			projectDirPath = "";
			projectRoot = "";
			targets = (
				68575EDB178BFF6E00DAC11F /* glesworld */,
			);
		};
/* End PBXProject section */

/* Begin PBXResourcesBuildPhase section */
		68575EDA178BFF6E00DAC11F /* Resources */ = {
			isa = PBXResourcesBuildPhase;
			buildActionMask = 2147483647;
			files = (
				68575EEE178BFF6E00DAC11F /* InfoPlist.strings in Resources */,
				68575EF6178BFF6E00DAC11F /* Default.png in Resources */,
				68575EF8178BFF6E00DAC11F /* Default@2x.png in Resources */,
				68575EFA178BFF6E00DAC11F /* Default-568h@2x.png in Resources */,
				68E8D7C6184300D100AD1EBA /* media in Resources */,
			);
			runOnlyForDeploymentPostprocessing = 0;
		};
/* End PBXResourcesBuildPhase section */

/* Begin PBXSourcesBuildPhase section */
		68575ED8178BFF6E00DAC11F /* Sources */ = {
			isa = PBXSourcesBuildPhase;
			buildActionMask = 2147483647;
			files = (
				68368CB418A47C3D002B6A48 /* Transform.cpp in Sources */,
				68575EF0178BFF6E00DAC11F /* main.mm in Sources */,
				68575EF4178BFF6E00DAC11F /* GWAppDelegate.m in Sources */,
				68B71E7B1890C58700647994 /* GameObject.cpp in Sources */,
				6807859D183F028B00092A29 /* BaseObject.cpp in Sources */,
				68BEFEF618AA2D36009BF248 /* Matrix4.cpp in Sources */,
				6807859E183F028B00092A29 /* Geometry.cpp in Sources */,
				6807859F183F028B00092A29 /* Logger.cpp in Sources */,
				68CF819C1A41733700313176 /* Scene.cpp in Sources */,
				680785A0183F028B00092A29 /* Material.cpp in Sources */,
				68CF81A21A41A62A00313176 /* ViewFrustum.cpp in Sources */,
				680785A1183F028B00092A29 /* Mesh.cpp in Sources */,
				6811D9A6185FE9D100154FC8 /* Texture.cpp in Sources */,
				680785A2183F028B00092A29 /* Renderer.cpp in Sources */,
				684ADF091A0C749D00E78828 /* Camera.cpp in Sources */,
				685CFF6B1890E3ED0071D00C /* Component.cpp in Sources */,
				680785A3183F028B00092A29 /* Shader.cpp in Sources */,
				680785A4183F028B00092A29 /* ShaderProgram.cpp in Sources */,
				680785A9183F07D600092A29 /* ESLViewController.mm in Sources */,
				68E8D78F1842E4CE00AD1EBA /* Application.cpp in Sources */,
				68E8D7971842E50900AD1EBA /* esFile.cpp in Sources */,
				68E8D7981842E50900AD1EBA /* esMath.cpp in Sources */,
				68368CB818A47C4A002B6A48 /* Vector3.cpp in Sources */,
				68E8D7991842E50900AD1EBA /* esTexture.cpp in Sources */,
				68E8D79A1842E50900AD1EBA /* esUtil.cpp in Sources */,
				68E8D79B1842E50900AD1EBA /* Image.cpp in Sources */,
				68CF819F1A4174AE00313176 /* AABBox.cpp in Sources */,
				68E8D7AD1842F1D600AD1EBA /* LessonCube.cpp in Sources */,
				68E8D7AE1842F1D600AD1EBA /* LessonHelloTriangle.cpp in Sources */,
				68368CB318A47C3D002B6A48 /* IRenderer.cpp in Sources */,
				68E8D7AF1842F1D600AD1EBA /* LessonDelegate.cpp in Sources */,
				6861C2C41867D83B0064D0EF /* MD2MeshLoader.cpp in Sources */,
				6861C2C31867D83B0064D0EF /* LessonMD2.cpp in Sources */,
				6826B40118BB1CE80023E75A /* Quaternion.cpp in Sources */,
				680539AF1897B489009317D0 /* MeshRenderer.cpp in Sources */,
				68E8D7B01842F1D600AD1EBA /* LessonFactory.cpp in Sources */,
				68E8D7C31842F95300AD1EBA /* IOSDevice.mm in Sources */,
			);
			runOnlyForDeploymentPostprocessing = 0;
		};
/* End PBXSourcesBuildPhase section */

/* Begin PBXVariantGroup section */
		68575EEC178BFF6E00DAC11F /* InfoPlist.strings */ = {
			isa = PBXVariantGroup;
			children = (
				68575EED178BFF6E00DAC11F /* en */,
			);
			name = InfoPlist.strings;
			sourceTree = "<group>";
		};
/* End PBXVariantGroup section */

/* Begin XCBuildConfiguration section */
		68575F08178BFF6E00DAC11F /* Debug */ = {
			isa = XCBuildConfiguration;
			buildSettings = {
				ALWAYS_SEARCH_USER_PATHS = NO;
				CLANG_CXX_LANGUAGE_STANDARD = "gnu++0x";
				CLANG_CXX_LIBRARY = "libc++";
				CLANG_WARN_CONSTANT_CONVERSION = YES;
				CLANG_WARN_EMPTY_BODY = YES;
				CLANG_WARN_ENUM_CONVERSION = YES;
				CLANG_WARN_INT_CONVERSION = YES;
				CLANG_WARN__DUPLICATE_METHOD_MATCH = YES;
				"CODE_SIGN_IDENTITY[sdk=iphoneos*]" = "iPhone Developer";
				COPY_PHASE_STRIP = NO;
				GCC_C_LANGUAGE_STANDARD = gnu99;
				GCC_DYNAMIC_NO_PIC = NO;
				GCC_OPTIMIZATION_LEVEL = 0;
				GCC_PREPROCESSOR_DEFINITIONS = (
					DEBUG,
					ESL_DEVICE_IOS,
				);
				GCC_SYMBOLS_PRIVATE_EXTERN = NO;
				GCC_WARN_ABOUT_RETURN_TYPE = YES;
				GCC_WARN_UNINITIALIZED_AUTOS = YES;
				GCC_WARN_UNUSED_VARIABLE = YES;
				HEADER_SEARCH_PATHS = ../src/;
				IPHONEOS_DEPLOYMENT_TARGET = 6.1;
				ONLY_ACTIVE_ARCH = YES;
				SDKROOT = iphoneos;
				TARGETED_DEVICE_FAMILY = "1,2";
			};
			name = Debug;
		};
		68575F09178BFF6E00DAC11F /* Release */ = {
			isa = XCBuildConfiguration;
			buildSettings = {
				ALWAYS_SEARCH_USER_PATHS = NO;
				CLANG_CXX_LANGUAGE_STANDARD = "gnu++0x";
				CLANG_CXX_LIBRARY = "libc++";
				CLANG_WARN_CONSTANT_CONVERSION = YES;
				CLANG_WARN_EMPTY_BODY = YES;
				CLANG_WARN_ENUM_CONVERSION = YES;
				CLANG_WARN_INT_CONVERSION = YES;
				CLANG_WARN__DUPLICATE_METHOD_MATCH = YES;
				"CODE_SIGN_IDENTITY[sdk=iphoneos*]" = "iPhone Developer";
				COPY_PHASE_STRIP = YES;
				GCC_C_LANGUAGE_STANDARD = gnu99;
				GCC_PREPROCESSOR_DEFINITIONS = ESL_DEVICE_IOS;
				GCC_WARN_ABOUT_RETURN_TYPE = YES;
				GCC_WARN_UNINITIALIZED_AUTOS = YES;
				GCC_WARN_UNUSED_VARIABLE = YES;
				HEADER_SEARCH_PATHS = ../src/;
				IPHONEOS_DEPLOYMENT_TARGET = 6.1;
				OTHER_CFLAGS = "-DNS_BLOCK_ASSERTIONS=1";
				SDKROOT = iphoneos;
				TARGETED_DEVICE_FAMILY = "1,2";
				VALIDATE_PRODUCT = YES;
			};
			name = Release;
		};
		68575F0B178BFF6E00DAC11F /* Debug */ = {
			isa = XCBuildConfiguration;
			buildSettings = {
				GCC_PRECOMPILE_PREFIX_HEADER = YES;
				GCC_PREFIX_HEADER = "glesworld/glesworld-Prefix.pch";
				INFOPLIST_FILE = "glesworld/glesworld-Info.plist";
				PRODUCT_NAME = "$(TARGET_NAME)";
				WRAPPER_EXTENSION = app;
			};
			name = Debug;
		};
		68575F0C178BFF6E00DAC11F /* Release */ = {
			isa = XCBuildConfiguration;
			buildSettings = {
				GCC_PRECOMPILE_PREFIX_HEADER = YES;
				GCC_PREFIX_HEADER = "glesworld/glesworld-Prefix.pch";
				INFOPLIST_FILE = "glesworld/glesworld-Info.plist";
				PRODUCT_NAME = "$(TARGET_NAME)";
				WRAPPER_EXTENSION = app;
			};
			name = Release;
		};
/* End XCBuildConfiguration section */

/* Begin XCConfigurationList section */
		68575ED7178BFF6D00DAC11F /* Build configuration list for PBXProject "glesworld" */ = {
			isa = XCConfigurationList;
			buildConfigurations = (
				68575F08178BFF6E00DAC11F /* Debug */,
				68575F09178BFF6E00DAC11F /* Release */,
			);
			defaultConfigurationIsVisible = 0;
			defaultConfigurationName = Release;
		};
		68575F0A178BFF6E00DAC11F /* Build configuration list for PBXNativeTarget "glesworld" */ = {
			isa = XCConfigurationList;
			buildConfigurations = (
				68575F0B178BFF6E00DAC11F /* Debug */,
				68575F0C178BFF6E00DAC11F /* Release */,
			);
			defaultConfigurationIsVisible = 0;
			defaultConfigurationName = Release;
		};
/* End XCConfigurationList section */
	};
	rootObject = 68575ED4178BFF6D00DAC11F /* Project object */;
}
